lockfileVersion: '9.0'

settings:
  autoInstallPeers: true
  excludeLinksFromLockfile: false

importers:

  .:
    devDependencies:
      '@types/node':
        specifier: 22.20.1
        version: 22.20.1
      typescript:
        specifier: 5.8.3
        version: 5.8.3

  apps/desktop:
    dependencies:
      better-sqlite3:
        specifier: 13.0.3
        version: 13.0.3
      qrcode-generator:
        specifier: 2.0.4
        version: 2.0.4
      react:
        specifier: 19.1.0
        version: 19.1.0
      react-dom:
        specifier: 19.1.0
        version: 19.1.0(react@19.1.0)
    devDependencies:
      '@types/better-sqlite3':
        specifier: 9.6.0
        version: 9.6.0
      electron:
        specifier: 43.4.0
        version: 43.4.0
      tsx:
        specifier: 4.23.12
        version: 4.23.12

  gateway:
    dependencies:
      '@whiskeysockets/baileys':
        specifier: 7.0.0-rc14
        version: 7.0.0-rc14(sharp@0.35.3(@types/node@22.20.1))
      pino:
        specifier: 10.0.0
        version: 10.0.0
      qrcode-terminal:
        specifier: 0.12.0
        version: 0.12.0

  packages/contracts: {}

  packages/domain:
    devDependencies:
      tsx:
        specifier: 4.23.12
        version: 4.23.12

  packages/shared: {}

  packages/ui: {}

packages:

  '@borewit/text-codec@0.2.2':
    resolution: {integrity: sha512-DDaRehssg1aNrH4+2hnj1B7vnUGEjU6OIlyRdkMd0aUdIUvKXrJfXsy8LVtXAy7DRvYVluWbMspsRhz2lcW0mQ==}

  '@cacheable/memory@2.2.0':
    resolution: {integrity: sha512-CTLKqLItRCE64Z?}
